# Verified Windows CPython 3.14 release environment (2026-09-04).
# Install this file before the editable project with --no-deps.
cloudpickle==3.1.2
colorama==0.4.6
coverage==7.16.0
gurobipy==13.0.3
iniconfig==2.3.0
joblib==1.6.0
narwhals==2.25.0
numpy==2.5.2
packaging==26.3
pandas==3.0.5
pluggy==1.6.0
Pygments==2.21.0
pytest==9.1.1
pytest-cov==7.1.0
psycopg==3.3.5
psycopg-binary==3.3.5
python-dateutil==2.9.0.post0
scikit-learn==1.9.0
scipy==1.18.1
setuptools==84.0.0
six==1.17.0
threadpoolctl==3.6.0
tzdata==2026.3
wheel==0.48.0
